
Microsoft Visual Studio Solution File, Format Version 12.00
# Visual Studio Version 16
VisualStudioVersion = 16.0.29709.97
MinimumVisualStudioVersion = 10.0.40219.1
Project("{FAE04EC0-301F-11D3-BF4B-00C04F79EFBC}") = "SpellSearchLibrary", "SpellSearchLibrary\SpellSearchLibrary.csproj", "{DED5E9DD-EA5A-4575-A7A6-449713AE45B8}"
EndProject
Global
	GlobalSection(SolutionConfigurationPlatforms) = preSolution
		Debug|Any CPU = Debug|Any CPU
		Release|Any CPU = Release|Any CPU
	EndGlobalSection
	GlobalSection(ProjectConfigurationPlatforms) = postSolution
		{DED5E9DD-EA5A-4575-A7A6-449713AE45B8}.Debug|Any CPU.ActiveCfg = Debug|Any CPU
		{DED5E9DD-EA5A-4575-A7A6-449713AE45B8}.Debug|Any CPU.Build.0 = Debug|Any CPU
		{DED5E9DD-EA5A-4575-A7A6-449713AE45B8}.Release|Any CPU.ActiveCfg = Release|Any CPU
		{DED5E9DD-EA5A-4575-A7A6-449713AE45B8}.Release|Any CPU.Build.0 = Release|Any CPU
	EndGlobalSection
	GlobalSection(SolutionProperties) = preSolution
		HideSolutionNode = FALSE
	EndGlobalSection
	GlobalSection(ExtensibilityGlobals) = postSolution
		SolutionGuid = {3F8D5866-1DFA-4220-9B8B-F3CB92390315}
	EndGlobalSection
EndGlobal
